
Microsoft Visual Studio Solution File, Format Version 12.00
Project("{FAE04EC0-301F-11D3-BF4B-00C04F79EFBC}") = "ConsoleDapperMulti", "ConsoleDapperMulti\ConsoleDapperMulti.csproj", "{A5C33520-B434-4D07-B874-8033DDC0D0B2}"
EndProject
Project("{FAE04EC0-301F-11D3-BF4B-00C04F79EFBC}") = "DatabaseDapper.Single", "DatabaseDapper.Single\DatabaseDapper.Single.csproj", "{55E59DC2-98B3-4EDC-B34E-44EF3DBDF14C}"
EndProject
Project("{FAE04EC0-301F-11D3-BF4B-00C04F79EFBC}") = "DatabaseDapper.Multi", "DatabaseDapper.Multi\DatabaseDapper.Multi.csproj", "{9D9B6ECE-79BD-4E72-96B3-F3B272F0B8DD}"
EndProject
Project("{FAE04EC0-301F-11D3-BF4B-00C04F79EFBC}") = "ConsoleDapperSingle", "ConsoleDapperSingle\ConsoleDapperSingle.csproj", "{5A7B568D-A051-4393-9C39-9F88B8AC25D7}"
EndProject
Project("{FAE04EC0-301F-11D3-BF4B-00C04F79EFBC}") = "SharedKernel", "SharedKernel\SharedKernel.csproj", "{D582469E-A36B-4138-9149-B1502680C5CF}"
EndProject
Project("{FAE04EC0-301F-11D3-BF4B-00C04F79EFBC}") = "DatabaseEF", "DatabaseEF\DatabaseEF.csproj", "{4A030DC5-FD17-478C-B7C6-6AE4CAAED101}"
EndProject
Project("{FAE04EC0-301F-11D3-BF4B-00C04F79EFBC}") = "ConsoleEF", "ConsoleEF\ConsoleEF.csproj", "{7DE1737A-DBCF-40BD-8090-57F96D71D5DB}"
EndProject
Global
	GlobalSection(SolutionConfigurationPlatforms) = preSolution
		Debug|Any CPU = Debug|Any CPU
		Release|Any CPU = Release|Any CPU
	EndGlobalSection
	GlobalSection(ProjectConfigurationPlatforms) = postSolution
		{A5C33520-B434-4D07-B874-8033DDC0D0B2}.Debug|Any CPU.ActiveCfg = Debug|Any CPU
		{A5C33520-B434-4D07-B874-8033DDC0D0B2}.Debug|Any CPU.Build.0 = Debug|Any CPU
		{A5C33520-B434-4D07-B874-8033DDC0D0B2}.Release|Any CPU.ActiveCfg = Release|Any CPU
		{A5C33520-B434-4D07-B874-8033DDC0D0B2}.Release|Any CPU.Build.0 = Release|Any CPU
		{55E59DC2-98B3-4EDC-B34E-44EF3DBDF14C}.Debug|Any CPU.ActiveCfg = Debug|Any CPU
		{55E59DC2-98B3-4EDC-B34E-44EF3DBDF14C}.Debug|Any CPU.Build.0 = Debug|Any CPU
		{55E59DC2-98B3-4EDC-B34E-44EF3DBDF14C}.Release|Any CPU.ActiveCfg = Release|Any CPU
		{55E59DC2-98B3-4EDC-B34E-44EF3DBDF14C}.Release|Any CPU.Build.0 = Release|Any CPU
		{9D9B6ECE-79BD-4E72-96B3-F3B272F0B8DD}.Debug|Any CPU.ActiveCfg = Debug|Any CPU
		{9D9B6ECE-79BD-4E72-96B3-F3B272F0B8DD}.Debug|Any CPU.Build.0 = Debug|Any CPU
		{9D9B6ECE-79BD-4E72-96B3-F3B272F0B8DD}.Release|Any CPU.ActiveCfg = Release|Any CPU
		{9D9B6ECE-79BD-4E72-96B3-F3B272F0B8DD}.Release|Any CPU.Build.0 = Release|Any CPU
		{5A7B568D-A051-4393-9C39-9F88B8AC25D7}.Debug|Any CPU.ActiveCfg = Debug|Any CPU
		{5A7B568D-A051-4393-9C39-9F88B8AC25D7}.Debug|Any CPU.Build.0 = Debug|Any CPU
		{5A7B568D-A051-4393-9C39-9F88B8AC25D7}.Release|Any CPU.ActiveCfg = Release|Any CPU
		{5A7B568D-A051-4393-9C39-9F88B8AC25D7}.Release|Any CPU.Build.0 = Release|Any CPU
		{D582469E-A36B-4138-9149-B1502680C5CF}.Debug|Any CPU.ActiveCfg = Debug|Any CPU
		{D582469E-A36B-4138-9149-B1502680C5CF}.Debug|Any CPU.Build.0 = Debug|Any CPU
		{D582469E-A36B-4138-9149-B1502680C5CF}.Release|Any CPU.ActiveCfg = Release|Any CPU
		{D582469E-A36B-4138-9149-B1502680C5CF}.Release|Any CPU.Build.0 = Release|Any CPU
		{4A030DC5-FD17-478C-B7C6-6AE4CAAED101}.Debug|Any CPU.ActiveCfg = Debug|Any CPU
		{4A030DC5-FD17-478C-B7C6-6AE4CAAED101}.Debug|Any CPU.Build.0 = Debug|Any CPU
		{4A030DC5-FD17-478C-B7C6-6AE4CAAED101}.Release|Any CPU.ActiveCfg = Release|Any CPU
		{4A030DC5-FD17-478C-B7C6-6AE4CAAED101}.Release|Any CPU.Build.0 = Release|Any CPU
		{7DE1737A-DBCF-40BD-8090-57F96D71D5DB}.Debug|Any CPU.ActiveCfg = Debug|Any CPU
		{7DE1737A-DBCF-40BD-8090-57F96D71D5DB}.Debug|Any CPU.Build.0 = Debug|Any CPU
		{7DE1737A-DBCF-40BD-8090-57F96D71D5DB}.Release|Any CPU.ActiveCfg = Release|Any CPU
		{7DE1737A-DBCF-40BD-8090-57F96D71D5DB}.Release|Any CPU.Build.0 = Release|Any CPU
	EndGlobalSection
EndGlobal
